// !$*UTF8*$!
{
	archiveVersion = 1;
	classes = {
	};
	objectVersion = 46;
	objects = {

/* Begin PBXBuildFile section */
		840753AD1C0D9F8C001D13FF /* AppDelegate.swift in Sources */ = {isa = PBXBuildFile; fileRef = 840753AC1C0D9F8C001D13FF /* AppDelegate.swift */; };
		840753AF1C0D9F8C001D13FF /* ViewController.swift in Sources */ = {isa = PBXBuildFile; fileRef = 840753AE1C0D9F8C001D13FF /* ViewController.swift */; };
		840753B21C0D9F8C001D13FF /* Main.storyboard in Resources */ = {isa = PBXBuildFile; fileRef = 840753B01C0D9F8C001D13FF /* Main.storyboard */; };
		840753B41C0D9F8C001D13FF /* Assets.xcassets in Resources */ = {isa = PBXBuildFile; fileRef = 840753B31C0D9F8C001D13FF /* Assets.xcassets */; };
		840753B71C0D9F8C001D13FF /* LaunchScreen.storyboard in Resources */ = {isa = PBXBuildFile; fileRef = 840753B51C0D9F8C001D13FF /* LaunchScreen.storyboard */; };
/* End PBXBuildFile section */

/* Begin PBXFileReference section */
		840753A91C0D9F8C001D13FF /* tipster.app */ = {isa = PBXFileReference; explicitFileType = wrapper.application; includeInIndex = 0; path = tipster.app; sourceTree = BUILT_PRODUCTS_DIR; };
		840753AC1C0D9F8C001D13FF /* AppDelegate.swift */ = {isa = PBXFileReference; lastKnownFileType = sourcecode.swift; path = AppDelegate.swift; sourceTree = "<group>"; };
		840753AE1C0D9F8C001D13FF /* ViewController.swift */ = {isa = PBXFileReference; lastKnownFileType = sourcecode.swift; path = ViewController.swift; sourceTree = "<group>"; };
		840753B11C0D9F8C001D13FF /* Base */ = {isa = PBXFileReference; lastKnownFileType = file.storyboard; name = Base; path = Base.lproj/Main.storyboard; sourceTree = "<group>"; };
		840753B31C0D9F8C001D13FF /* Assets.xcassets */ = {isa = PBXFileReference; lastKnownFileType = folder.assetcatalog; path = Assets.xcassets; sourceTree = "<group>"; };
		840753B61C0D9F8C001D13FF /* Base */ = {isa = PBXFileReference; lastKnownFileType = file.storyboard; name = Base; path = Base.lproj/LaunchScreen.storyboard; sourceTree = "<group>"; };
		840753B81C0D9F8C001D13FF /* Info.plist */ = {isa = PBXFileReference; lastKnownFileType = text.plist.xml; path = Info.plist; sourceTree = "<group>"; };
/* End PBXFileReference section */

/* Begin PBXFrameworksBuildPhase section */
		840753A61C0D9F8C001D13FF /* Frameworks */ = {
			isa = PBXFrameworksBuildPhase;
			buildActionMask = 2147483647;
			files = (
			);
			runOnlyForDeploymentPostprocessing = 0;
		};
/* End PBXFrameworksBuildPhase section */

/* Begin PBXGroup section */
		840753A01C0D9F8C001D13FF = {
			isa = PBXGroup;
			children = (
				840753AB1C0D9F8C001D13FF /* tipster */,
				840753AA1C0D9F8C001D13FF /* Products */,
			);
			sourceTree = "<group>";
		};
		840753AA1C0D9F8C001D13FF /* Products */ = {
			isa = PBXGroup;
			children = (
				840753A91C0D9F8C001D13FF /* tipster.app */,
			);
			name = Products;
			sourceTree = "<group>";
		};
		840753AB1C0D9F8C001D13FF /* tipster */ = {
			isa = PBXGroup;
			children = (
				840753AC1C0D9F8C001D13FF /* AppDelegate.swift */,
				840753AE1C0D9F8C001D13FF /* ViewController.swift */,
				840753B01C0D9F8C001D13FF /* Main.storyboard */,
				840753B31C0D9F8C001D13FF /* Assets.xcassets */,
				840753B51C0D9F8C001D13FF /* LaunchScreen.storyboard */,
				840753B81C0D9F8C001D13FF /* Info.plist */,
			);
			path = tipster;
			sourceTree = "<group>";
		};
/* End PBXGroup section */

/* Begin PBXNativeTarget section */
		840753A81C0D9F8C001D13FF /* tipster */ = {
			isa = PBXNativeTarget;
			buildConfigurationList = 840753BB1C0D9F8C001D13FF /* Build configuration list for PBXNativeTarget "tipster" */;
			buildPhases = (
				840753A51C0D9F8C001D13FF /* Sources */,
				840753A61C0D9F8C001D13FF /* Frameworks */,
				840753A71C0D9F8C001D13FF /* Resources */,
			);
			buildRules = (
			);
			dependencies = (
			);
			name = tipster;
			productName = tipster;
			productReference = 840753A91C0D9F8C001D13FF /* tipster.app */;
			productType = "com.apple.product-type.application";
		};
/* End PBXNativeTarget section */

/* Begin PBXProject section */
		840753A11C0D9F8C001D13FF /* Project object */ = {
			isa = PBXProject;
			attributes = {
				LastSwiftUpdateCheck = 0710;
				LastUpgradeCheck = 0710;
				ORGANIZATIONNAME = "Tyree Stevenson";
				TargetAttributes = {
					840753A81C0D9F8C001D13FF = {
						CreatedOnToolsVersion = 7.1.1;
					};
				};
			};
			buildConfigurationList = 840753A41C0D9F8C001D13FF /* Build configuration list for PBXProject "tipster" */;
			compatibilityVersion = "Xcode 3.2";
			developmentRegion = English;
			hasScannedForEncodings = 0;
			knownRegions = (
				en,
				Base,
			);
			mainGroup = 840753A01C0D9F8C001D13FF;
			productRefGroup = 840753AA1C0D9F8C001D13FF /* Products */;
			projectDirPath = "";
			projectRoot = "";
			targets = (
				840753A81C0D9F8C001D13FF /* tipster */,
			);
		};
/* End PBXProject section */

/* Begin PBXResourcesBuildPhase section */
		840753A71C0D9F8C001D13FF /* Resources */ = {
			isa = PBXResourcesBuildPhase;
			buildActionMask = 2147483647;
			files = (
				840753B71C0D9F8C001D13FF /* LaunchScreen.storyboard in Resources */,
				840753B41C0D9F8C001D13FF /* Assets.xcassets in Resources */,
				840753B21C0D9F8C001D13FF /* Main.storyboard in Resources */,
			);
			runOnlyForDeploymentPostprocessing = 0;
		};
/* End PBXResourcesBuildPhase section */

/* Begin PBXSourcesBuildPhase section */
		840753A51C0D9F8C001D13FF /* Sources */ = {
			isa = PBXSourcesBuildPhase;
			buildActionMask = 2147483647;
			files = (
				840753AF1C0D9F8C001D13FF /* ViewController.swift in Sources */,
				840753AD1C0D9F8C001D13FF /* AppDelegate.swift in Sources */,
			);
			runOnlyForDeploymentPostprocessing = 0;
		};
/* End PBXSourcesBuildPhase section */

/* Begin PBXVariantGroup section */
		840753B01C0D9F8C001D13FF /* Main.storyboard */ = {
			isa = PBXVariantGroup;
			children = (
				840753B11C0D9F8C001D13FF /* Base */,
			);
			name = Main.storyboard;
			sourceTree = "<group>";
		};
		840753B51C0D9F8C001D13FF /* LaunchScreen.storyboard */ = {
			isa = PBXVariantGroup;
			children = (
				840753B61C0D9F8C001D13FF /* Base */,
			);
			name = LaunchScreen.storyboard;
			sourceTree = "<group>";
		};
/* End PBXVariantGroup section */

/* Begin XCBuildConfiguration section */
		840753B91C0D9F8C001D13FF /* Debug */ = {
			isa = XCBuildConfiguration;
			buildSettings = {
				ALWAYS_SEARCH_USER_PATHS = NO;
				CLANG_CXX_LANGUAGE_STANDARD = "gnu++0x";
				CLANG_CXX_LIBRARY = "libc++";
				CLANG_ENABLE_MODULES = YES;
				CLANG_ENABLE_OBJC_ARC = YES;
				CLANG_WARN_BOOL_CONVERSION = YES;
				CLANG_WARN_CONSTANT_CONVERSION = YES;
				CLANG_WARN_DIRECT_OBJC_ISA_USAGE = YES_ERROR;
				CLANG_WARN_EMPTY_BODY = YES;
				CLANG_WARN_ENUM_CONVERSION = YES;
				CLANG_WARN_INT_CONVERSION = YES;
				CLANG_WARN_OBJC_ROOT_CLASS = YES_ERROR;
				CLANG_WARN_UNREACHABLE_CODE = YES;
				CLANG_WARN__DUPLICATE_METHOD_MATCH = YES;
				"CODE_SIGN_IDENTITY[sdk=iphoneos*]" = "iPhone Developer";
				COPY_PHASE_STRIP = NO;
				DEBUG_INFORMATION_FORMAT = dwarf;
				ENABLE_STRICT_OBJC_MSGSEND = YES;
				ENABLE_TESTABILITY = YES;
				GCC_C_LANGUAGE_STANDARD = gnu99;
				GCC_DYNAMIC_NO_PIC = NO;
				GCC_NO_COMMON_BLOCKS = YES;
				GCC_OPTIMIZATION_LEVEL = 0;
				GCC_PREPROCESSOR_DEFINITIONS = (
					"DEBUG=1",
					"$(inherited)",
				);
				GCC_WARN_64_TO_32_BIT_CONVERSION = YES;
				GCC_WARN_ABOUT_RETURN_TYPE = YES_ERROR;
				GCC_WARN_UNDECLARED_SELECTOR = YES;
				GCC_WARN_UNINITIALIZED_AUTOS = YES_AGGRESSIVE;
				GCC_WARN_UNUSED_FUNCTION = YES;
				GCC_WARN_UNUSED_VARIABLE = YES;
				IPHONEOS_DEPLOYMENT_TARGET = 9.1;
				MTL_ENABLE_DEBUG_INFO = YES;
				ONLY_ACTIVE_ARCH = YES;
				SDKROOT = iphoneos;
				SWIFT_OPTIMIZATION_LEVEL = "-Onone";
			};
			name = Debug;
		};
		840753BA1C0D9F8C001D13FF /* Release */ = {
			isa = XCBuildConfiguration;
			buildSettings = {
				ALWAYS_SEARCH_USER_PATHS = NO;
				CLANG_CXX_LANGUAGE_STANDARD = "gnu++0x";
				CLANG_CXX_LIBRARY = "libc++";
				CLANG_ENABLE_MODULES = YES;
				CLANG_ENABLE_OBJC_ARC = YES;
				CLANG_WARN_BOOL_CONVERSION = YES;
				CLANG_WARN_CONSTANT_CONVERSION = YES;
				CLANG_WARN_DIRECT_OBJC_ISA_USAGE = YES_ERROR;
				CLANG_WARN_EMPTY_BODY = YES;
				CLANG_WARN_ENUM_CONVERSION = YES;
				CLANG_WARN_INT_CONVERSION = YES;
				CLANG_WARN_OBJC_ROOT_CLASS = YES_ERROR;
				CLANG_WARN_UNREACHABLE_CODE = YES;
				CLANG_WARN__DUPLICATE_METHOD_MATCH = YES;
				"CODE_SIGN_IDENTITY[sdk=iphoneos*]" = "iPhone Developer";
				COPY_PHASE_STRIP = NO;
				DEBUG_INFORMATION_FORMAT = "dwarf-with-dsym";
				ENABLE_NS_ASSERTIONS = NO;
				ENABLE_STRICT_OBJC_MSGSEND = YES;
				GCC_C_LANGUAGE_STANDARD = gnu99;
				GCC_NO_COMMON_BLOCKS = YES;
				GCC_WARN_64_TO_32_BIT_CONVERSION = YES;
				GCC_WARN_ABOUT_RETURN_TYPE = YES_ERROR;
				GCC_WARN_UNDECLARED_SELECTOR = YES;
				GCC_WARN_UNINITIALIZED_AUTOS = YES_AGGRESSIVE;
				GCC_WARN_UNUSED_FUNCTION = YES;
				GCC_WARN_UNUSED_VARIABLE = YES;
				IPHONEOS_DEPLOYMENT_TARGET = 9.1;
				MTL_ENABLE_DEBUG_INFO = NO;
				SDKROOT = iphoneos;
				VALIDATE_PRODUCT = YES;
			};
			name = Release;
		};
		840753BC1C0D9F8C001D13FF /* Debug */ = {
			isa = XCBuildConfiguration;
			buildSettings = {
				ASSETCATALOG_COMPILER_APPICON_NAME = AppIcon;
				INFOPLIST_FILE = tipster/Info.plist;
				LD_RUNPATH_SEARCH_PATHS = "$(inherited) @executable_path/Frameworks";
				PRODUCT_BUNDLE_IDENTIFIER = com.developer.supercool.tipster;
				PRODUCT_NAME = "$(TARGET_NAME)";
			};
			name = Debug;
		};
		840753BD1C0D9F8C001D13FF /* Release */ = {
			isa = XCBuildConfiguration;
			buildSettings = {
				ASSETCATALOG_COMPILER_APPICON_NAME = AppIcon;
				INFOPLIST_FILE = tipster/Info.plist;
				LD_RUNPATH_SEARCH_PATHS = "$(inherited) @executable_path/Frameworks";
				PRODUCT_BUNDLE_IDENTIFIER = com.developer.supercool.tipster;
				PRODUCT_NAME = "$(TARGET_NAME)";
			};
			name = Release;
		};
/* End XCBuildConfiguration section */

/* Begin XCConfigurationList section */
		840753A41C0D9F8C001D13FF /* Build configuration list for PBXProject "tipster" */ = {
			isa = XCConfigurationList;
			buildConfigurations = (
				840753B91C0D9F8C001D13FF /* Debug */,
				840753BA1C0D9F8C001D13FF /* Release */,
			);
			defaultConfigurationIsVisible = 0;
			defaultConfigurationName = Release;
		};
		840753BB1C0D9F8C001D13FF /* Build configuration list for PBXNativeTarget "tipster" */ = {
			isa = XCConfigurationList;
			buildConfigurations = (
				840753BC1C0D9F8C001D13FF /* Debug */,
				840753BD1C0D9F8C001D13FF /* Release */,
			);
			defaultConfigurationIsVisible = 0;
		};
/* End XCConfigurationList section */
	};
	rootObject = 840753A11C0D9F8C001D13FF /* Project object */;
}
